# This file is autogenerated, do not edit; changes may be undone by the next 'dep ensure'.


[[projects]]
  digest = "1:8ba0bf4d1436e32431cc11df672d7321c6dfecaa53dc2818f147d5288607aa09"
  name = "github.com/EdlinOrg/prominentcolor"
  packages = ["."]
  pruneopts = "UT"
  revision = "185fe3ce2b6225f2123c3157d1a3aecc59450e95"
  version = "v1.0.0"

[[projects]]
  digest = "1:38beba9afeb613a2a1504b118165c1a6caea134160c969980427952c7a475f44"
  name = "github.com/KyleBanks/depth"
  packages = ["."]
  pruneopts = "UT"
  revision = "fec4dc38699e903ea7b44b2887549d2e7cd0a9f1"
  version = "v1.2.1"

[[projects]]
  digest = "1:a2682518d905d662d984ef9959984ef87cecb777d379bfa9d9fe40e78069b3e4"
  name = "github.com/PuerkitoBio/purell"
  packages = ["."]
  pruneopts = "UT"
  revision = "44968752391892e1b0d0b821ee79e9a85fa13049"
  version = "v1.1.1"

[[projects]]
  branch = "master"
  digest = "1:c739832d67eb1e9cc478a19cc1a1ccd78df0397bf8a32978b759152e205f644b"
  name = "github.com/PuerkitoBio/urlesc"
  packages = ["."]
  pruneopts = "UT"
  revision = "de5bf2ad457846296e2031421a34e2568e304e35"

[[projects]]
  branch = "master"
  digest = "1:125f098c5294814b5d9ce2194f03a435c35a6208f029e61681bed9a893d68133"
  name = "github.com/alecthomas/template"
  packages = [
    ".",
    "parse",
  ]
  pruneopts = "UT"
  revision = "fb15b899a75114aa79cc930e33c46b577cc664b1"

[[projects]]
  digest = "1:ed15647db08b6d63666bf9755d337725960c302bbfa5e23754b4b915a4797e42"
  name = "github.com/go-openapi/jsonpointer"
  packages = ["."]
  pruneopts = "UT"
  revision = "ed123515f087412cd7ef02e49b0b0a5e6a79a360"
  version = "v0.19.3"

[[projects]]
  digest = "1:451fe53c19443c6941be5d4295edc973a3eb16baccb940efee94284024be03b0"
  name = "github.com/go-openapi/jsonreference"
  packages = ["."]
  pruneopts = "UT"
  revision = "82f31475a8f7a12bc26962f6e26ceade8ea6f66a"
  version = "v0.19.3"

[[projects]]
  digest = "1:a60f47e736cc96075451c3c3502274d86ec6d96588c03d1ab56142ccbb8a5364"
  name = "github.com/go-openapi/spec"
  packages = ["."]
  pruneopts = "UT"
  revision = "772572fd19ebcc983369e53bfaed4bde2077fe0c"
  version = "v0.19.5"

[[projects]]
  digest = "1:46055af5313a0deb06c423d849283aac853f554df5a3c42e705a81b8ebf7f1c4"
  name = "github.com/go-openapi/swag"
  packages = ["."]
  pruneopts = "UT"
  revision = "6a1eb9830f1c6b090dcd01cee6c3983604a2306f"
  version = "v0.19.7"

[[projects]]
  digest = "1:39de67207027b7374272d5ec9b1bf85457714150ba1263e8d236316629dad570"
  name = "github.com/lucasb-eyer/go-colorful"
  packages = ["."]
  pruneopts = "UT"
  revision = "30298f24079860c4dee452fdef6519b362a4a026"
  version = "v1.0.2"

[[projects]]
  digest = "1:927762c6729b4e72957ba3310e485ed09cf8451c5a637a52fd016a9fe09e7936"
  name = "github.com/mailru/easyjson"
  packages = [
    "buffer",
    "jlexer",
    "jwriter",
  ]
  pruneopts = "UT"
  revision = "1b2b06f5f209fea48ff5922d8bfb2b9ed5d8f00b"
  version = "v0.7.0"

[[projects]]
  branch = "master"
  digest = "1:34534b73e925d20cc72cf202f8b482fdcbe3a1b113e19375f31aadabd0f0f97d"
  name = "github.com/nfnt/resize"
  packages = ["."]
  pruneopts = "UT"
  revision = "83c6a9932646f83e3267f353373d47347b6036b2"

[[projects]]
  digest = "1:0dcdc1a94f2f2b0ca169176e8344bab0f74ecfefd7a51957a88a789bbd683112"
  name = "github.com/oliamb/cutter"
  packages = ["."]
  pruneopts = "UT"
  revision = "de2952ec22155c8e68bf4ac03684b1d1d734b53c"
  version = "v0.2.2"

[[projects]]
  digest = "1:8a06150e83a48c14df41773f19a3e3d80c5195d8d695aa8f4a781c4fd853da85"
  name = "github.com/swaggo/swag"
  packages = ["."]
  pruneopts = "UT"
  revision = "eebe67fc31c39a02a763bcaa815baab805112cf3"
  version = "v1.6.5"

[[projects]]
  branch = "master"
  digest = "1:d1f7edf951b9cc444358a31de2f4e4c1c5c539ea9c6aca13f5bf92eb1124fc4b"
  name = "golang.org/x/net"
  packages = ["idna"]
  pruneopts = "UT"
  revision = "6afb5195e5aab057fda82e27171243402346b0ad"

[[projects]]
  digest = "1:66a2f252a58b4fbbad0e4e180e1d85a83c222b6bce09c3dcdef3dc87c72eda7c"
  name = "golang.org/x/text"
  packages = [
    "collate",
    "collate/build",
    "internal/colltab",
    "internal/gen",
    "internal/language",
    "internal/language/compact",
    "internal/tag",
    "internal/triegen",
    "internal/ucd",
    "language",
    "secure/bidirule",
    "transform",
    "unicode/bidi",
    "unicode/cldr",
    "unicode/norm",
    "unicode/rangetable",
    "width",
  ]
  pruneopts = "UT"
  revision = "342b2e1fbaa52c93f31447ad2c6abc048c63e475"
  version = "v0.3.2"

[[projects]]
  branch = "master"
  digest = "1:4215e53891b965aa3cb036f011940367b750089670fd4a56ea86d846f46fd753"
  name = "golang.org/x/tools"
  packages = [
    "go/ast/astutil",
    "go/buildutil",
    "go/internal/cgo",
    "go/loader",
  ]
  pruneopts = "UT"
  revision = "345141a368593509252933bd1e146558314b6d0c"

[[projects]]
  digest = "1:55b110c99c5fdc4f14930747326acce56b52cfce60b24b1c03ef686ac0e46bb1"
  name = "gopkg.in/yaml.v2"
  packages = ["."]
  pruneopts = "UT"
  revision = "53403b58ad1b561927d19068c655246f2db79d48"
  version = "v2.2.8"

[solve-meta]
  analyzer-name = "dep"
  analyzer-version = 1
  input-imports = [
    "github.com/EdlinOrg/prominentcolor",
    "github.com/alecthomas/template",
    "github.com/swaggo/swag",
  ]
  solver-name = "gps-cdcl"
  solver-version = 1
